
Microsoft Visual Studio Solution File, Format Version 12.00
# Visual Studio Version 16
VisualStudioVersion = 16.0.31205.134
MinimumVisualStudioVersion = 10.0.40219.1
Project("{8BC9CEB8-8B4A-11D0-8D11-00A0C91BC942}") = "PGⅡ_Shooting_Game", "PGⅡ_Shooting_Game.vcxproj", "{80ABD3F6-EA5E-4207-9A53-DE1372B8063A}"
EndProject
Global
	GlobalSection(SolutionConfigurationPlatforms) = preSolution
		Debug|x64 = Debug|x64
		Debug|x86 = Debug|x86
		Release|x64 = Release|x64
		Release|x86 = Release|x86
	EndGlobalSection
	GlobalSection(ProjectConfigurationPlatforms) = postSolution
		{80ABD3F6-EA5E-4207-9A53-DE1372B8063A}.Debug|x64.ActiveCfg = Debug|x64
		{80ABD3F6-EA5E-4207-9A53-DE1372B8063A}.Debug|x64.Build.0 = Debug|x64
		{80ABD3F6-EA5E-4207-9A53-DE1372B8063A}.Debug|x86.ActiveCfg = Debug|Win32
		{80ABD3F6-EA5E-4207-9A53-DE1372B8063A}.Debug|x86.Build.0 = Debug|Win32
		{80ABD3F6-EA5E-4207-9A53-DE1372B8063A}.Release|x64.ActiveCfg = Release|x64
		{80ABD3F6-EA5E-4207-9A53-DE1372B8063A}.Release|x64.Build.0 = Release|x64
		{80ABD3F6-EA5E-4207-9A53-DE1372B8063A}.Release|x86.ActiveCfg = Release|Win32
		{80ABD3F6-EA5E-4207-9A53-DE1372B8063A}.Release|x86.Build.0 = Release|Win32
	EndGlobalSection
	GlobalSection(SolutionProperties) = preSolution
		HideSolutionNode = FALSE
	EndGlobalSection
	GlobalSection(ExtensibilityGlobals) = postSolution
		SolutionGuid = {50B9FE4F-56A7-440E-963F-6BE42C33D8DD}
	EndGlobalSection
EndGlobal
